
Microsoft Visual Studio Solution File, Format Version 12.00
# Visual Studio Version 16
VisualStudioVersion = 16.0.30011.22
MinimumVisualStudioVersion = 10.0.40219.1
Project("{9A19103F-16F7-4668-BE54-9A1E7A4F7556}") = "Data", "Data\Data.csproj", "{8F29B047-0032-491E-88A4-068712D78A11}"
EndProject
Project("{9A19103F-16F7-4668-BE54-9A1E7A4F7556}") = "Logic", "Logic\Logic.csproj", "{2503070E-AE3F-41C0-9C2B-CCA94387F207}"
EndProject
Project("{FAE04EC0-301F-11D3-BF4B-00C04F79EFBC}") = "Presenation", "Presenation\Presenation.csproj", "{5F6FC0D3-D393-4D5E-BDBE-6C5048AD8034}"
EndProject
Project("{FAE04EC0-301F-11D3-BF4B-00C04F79EFBC}") = "DataTest", "DataTest\DataTest.csproj", "{368503A3-2DC9-4519-9842-FC15CBEF13DB}"
EndProject
Project("{FAE04EC0-301F-11D3-BF4B-00C04F79EFBC}") = "LogicTest", "LogicTest\LogicTest.csproj", "{F623338B-7B9D-4188-AF84-7A16B0725A40}"
EndProject
Project("{FAE04EC0-301F-11D3-BF4B-00C04F79EFBC}") = "Server", "Server\Server.csproj", "{EE7B514A-B3D6-4682-B3EE-EF8560F6B0DB}"
EndProject
Project("{9A19103F-16F7-4668-BE54-9A1E7A4F7556}") = "LogicClient", "LogicClient\LogicClient.csproj", "{BE437903-F19E-44F1-9B86-E49DE0D76C00}"
EndProject
Project("{9A19103F-16F7-4668-BE54-9A1E7A4F7556}") = "DataClient", "DataClient\DataClient.csproj", "{201BA811-4532-4764-A848-D48C375F21FC}"
EndProject
Project("{FAE04EC0-301F-11D3-BF4B-00C04F79EFBC}") = "DataClientTest", "DataClientTest\DataClientTest.csproj", "{C444B2CC-5C8D-4130-86F9-70989FE7747B}"
EndProject
Project("{FAE04EC0-301F-11D3-BF4B-00C04F79EFBC}") = "LogicClientTest", "LogicClientTest\LogicClientTest.csproj", "{5A87B484-4DB8-454A-9D0A-150E3EDF6FA2}"
EndProject
Global
	GlobalSection(SolutionConfigurationPlatforms) = preSolution
		Debug|Any CPU = Debug|Any CPU
		Release|Any CPU = Release|Any CPU
	EndGlobalSection
	GlobalSection(ProjectConfigurationPlatforms) = postSolution
		{8F29B047-0032-491E-88A4-068712D78A11}.Debug|Any CPU.ActiveCfg = Debug|Any CPU
		{8F29B047-0032-491E-88A4-068712D78A11}.Debug|Any CPU.Build.0 = Debug|Any CPU
		{8F29B047-0032-491E-88A4-068712D78A11}.Release|Any CPU.ActiveCfg = Release|Any CPU
		{8F29B047-0032-491E-88A4-068712D78A11}.Release|Any CPU.Build.0 = Release|Any CPU
		{2503070E-AE3F-41C0-9C2B-CCA94387F207}.Debug|Any CPU.ActiveCfg = Debug|Any CPU
		{2503070E-AE3F-41C0-9C2B-CCA94387F207}.Debug|Any CPU.Build.0 = Debug|Any CPU
		{2503070E-AE3F-41C0-9C2B-CCA94387F207}.Release|Any CPU.ActiveCfg = Release|Any CPU
		{2503070E-AE3F-41C0-9C2B-CCA94387F207}.Release|Any CPU.Build.0 = Release|Any CPU
		{5F6FC0D3-D393-4D5E-BDBE-6C5048AD8034}.Debug|Any CPU.ActiveCfg = Debug|Any CPU
		{5F6FC0D3-D393-4D5E-BDBE-6C5048AD8034}.Debug|Any CPU.Build.0 = Debug|Any CPU
		{5F6FC0D3-D393-4D5E-BDBE-6C5048AD8034}.Release|Any CPU.ActiveCfg = Release|Any CPU
		{5F6FC0D3-D393-4D5E-BDBE-6C5048AD8034}.Release|Any CPU.Build.0 = Release|Any CPU
		{368503A3-2DC9-4519-9842-FC15CBEF13DB}.Debug|Any CPU.ActiveCfg = Debug|Any CPU
		{368503A3-2DC9-4519-9842-FC15CBEF13DB}.Debug|Any CPU.Build.0 = Debug|Any CPU
		{368503A3-2DC9-4519-9842-FC15CBEF13DB}.Release|Any CPU.ActiveCfg = Release|Any CPU
		{368503A3-2DC9-4519-9842-FC15CBEF13DB}.Release|Any CPU.Build.0 = Release|Any CPU
		{F623338B-7B9D-4188-AF84-7A16B0725A40}.Debug|Any CPU.ActiveCfg = Debug|Any CPU
		{F623338B-7B9D-4188-AF84-7A16B0725A40}.Debug|Any CPU.Build.0 = Debug|Any CPU
		{F623338B-7B9D-4188-AF84-7A16B0725A40}.Release|Any CPU.ActiveCfg = Release|Any CPU
		{F623338B-7B9D-4188-AF84-7A16B0725A40}.Release|Any CPU.Build.0 = Release|Any CPU
		{EE7B514A-B3D6-4682-B3EE-EF8560F6B0DB}.Debug|Any CPU.ActiveCfg = Debug|Any CPU
		{EE7B514A-B3D6-4682-B3EE-EF8560F6B0DB}.Debug|Any CPU.Build.0 = Debug|Any CPU
		{EE7B514A-B3D6-4682-B3EE-EF8560F6B0DB}.Release|Any CPU.ActiveCfg = Release|Any CPU
		{EE7B514A-B3D6-4682-B3EE-EF8560F6B0DB}.Release|Any CPU.Build.0 = Release|Any CPU
		{BE437903-F19E-44F1-9B86-E49DE0D76C00}.Debug|Any CPU.ActiveCfg = Debug|Any CPU
		{BE437903-F19E-44F1-9B86-E49DE0D76C00}.Debug|Any CPU.Build.0 = Debug|Any CPU
		{BE437903-F19E-44F1-9B86-E49DE0D76C00}.Release|Any CPU.ActiveCfg = Release|Any CPU
		{BE437903-F19E-44F1-9B86-E49DE0D76C00}.Release|Any CPU.Build.0 = Release|Any CPU
		{201BA811-4532-4764-A848-D48C375F21FC}.Debug|Any CPU.ActiveCfg = Debug|Any CPU
		{201BA811-4532-4764-A848-D48C375F21FC}.Debug|Any CPU.Build.0 = Debug|Any CPU
		{201BA811-4532-4764-A848-D48C375F21FC}.Release|Any CPU.ActiveCfg = Release|Any CPU
		{201BA811-4532-4764-A848-D48C375F21FC}.Release|Any CPU.Build.0 = Release|Any CPU
		{C444B2CC-5C8D-4130-86F9-70989FE7747B}.Debug|Any CPU.ActiveCfg = Debug|Any CPU
		{C444B2CC-5C8D-4130-86F9-70989FE7747B}.Debug|Any CPU.Build.0 = Debug|Any CPU
		{C444B2CC-5C8D-4130-86F9-70989FE7747B}.Release|Any CPU.ActiveCfg = Release|Any CPU
		{C444B2CC-5C8D-4130-86F9-70989FE7747B}.Release|Any CPU.Build.0 = Release|Any CPU
		{5A87B484-4DB8-454A-9D0A-150E3EDF6FA2}.Debug|Any CPU.ActiveCfg = Debug|Any CPU
		{5A87B484-4DB8-454A-9D0A-150E3EDF6FA2}.Debug|Any CPU.Build.0 = Debug|Any CPU
		{5A87B484-4DB8-454A-9D0A-150E3EDF6FA2}.Release|Any CPU.ActiveCfg = Release|Any CPU
		{5A87B484-4DB8-454A-9D0A-150E3EDF6FA2}.Release|Any CPU.Build.0 = Release|Any CPU
	EndGlobalSection
	GlobalSection(SolutionProperties) = preSolution
		HideSolutionNode = FALSE
	EndGlobalSection
	GlobalSection(ExtensibilityGlobals) = postSolution
		SolutionGuid = {7CC3A281-13B3-4761-A446-6FD8EAC98C0B}
	EndGlobalSection
EndGlobal
